
Microsoft Visual Studio Solution File, Format Version 12.00
# Visual Studio Version 17
VisualStudioVersion = 17.13.35931.197
MinimumVisualStudioVersion = 10.0.40219.1
Project("{2150E333-8FDC-42A3-9474-1A3956D46DE8}") = "src", "src", "{02EA681E-C7D8-13C7-8484-4AC65E1B71E8}"
EndProject
Project("{2150E333-8FDC-42A3-9474-1A3956D46DE8}") = "tests", "tests", "{2DD9C9F9-9057-4089-A090-884C7C9CBA17}"
EndProject
Project("{FAE04EC0-301F-11D3-BF4B-00C04F79EFBC}") = "OnlineStoreAPI.Domain", "src\OnlineStoreAPI.Domain\OnlineStoreAPI.Domain.csproj", "{0EC0AB83-1D30-4D4B-AC16-063D1B90CD9C}"
EndProject
Project("{2150E333-8FDC-42A3-9474-1A3956D46DE8}") = "Shared.Kernel", "Shared.Kernel", "{D408613A-15D1-4A76-95C5-D48183E5A4DF}"
EndProject
Project("{FAE04EC0-301F-11D3-BF4B-00C04F79EFBC}") = "OnlineStoreAPI.Shared.Kernel", "src\Shared.Kernel\OnlineStoreAPI.Shared.Kernel\OnlineStoreAPI.Shared.Kernel.csproj", "{EB402619-48BE-D7CA-5024-5D88BD817B40}"
EndProject
Project("{FAE04EC0-301F-11D3-BF4B-00C04F79EFBC}") = "OnlineStore.Application", "src\OnlineStore.Application\OnlineStore.Application.csproj", "{BBCD3A78-2AB4-4D96-9A6C-FD503913375B}"
EndProject
Project("{FAE04EC0-301F-11D3-BF4B-00C04F79EFBC}") = "OnlineStore.Infrastructure", "src\OnlineStore.Infrastructure\OnlineStore.Infrastructure.csproj", "{DD4199FE-8CCF-432E-BE55-7F0CE08CF394}"
EndProject
Project("{FAE04EC0-301F-11D3-BF4B-00C04F79EFBC}") = "OnlineStore.API", "src\OnlineStore.API\OnlineStore.API.csproj", "{BDE4A70D-BD2D-46E1-86DE-6F147FDAA315}"
EndProject
Global
	GlobalSection(SolutionConfigurationPlatforms) = preSolution
		Debug|Any CPU = Debug|Any CPU
		Release|Any CPU = Release|Any CPU
	EndGlobalSection
	GlobalSection(ProjectConfigurationPlatforms) = postSolution
		{0EC0AB83-1D30-4D4B-AC16-063D1B90CD9C}.Debug|Any CPU.ActiveCfg = Debug|Any CPU
		{0EC0AB83-1D30-4D4B-AC16-063D1B90CD9C}.Debug|Any CPU.Build.0 = Debug|Any CPU
		{0EC0AB83-1D30-4D4B-AC16-063D1B90CD9C}.Release|Any CPU.ActiveCfg = Release|Any CPU
		{0EC0AB83-1D30-4D4B-AC16-063D1B90CD9C}.Release|Any CPU.Build.0 = Release|Any CPU
		{EB402619-48BE-D7CA-5024-5D88BD817B40}.Debug|Any CPU.ActiveCfg = Debug|Any CPU
		{EB402619-48BE-D7CA-5024-5D88BD817B40}.Debug|Any CPU.Build.0 = Debug|Any CPU
		{EB402619-48BE-D7CA-5024-5D88BD817B40}.Release|Any CPU.ActiveCfg = Release|Any CPU
		{EB402619-48BE-D7CA-5024-5D88BD817B40}.Release|Any CPU.Build.0 = Release|Any CPU
		{BBCD3A78-2AB4-4D96-9A6C-FD503913375B}.Debug|Any CPU.ActiveCfg = Debug|Any CPU
		{BBCD3A78-2AB4-4D96-9A6C-FD503913375B}.Debug|Any CPU.Build.0 = Debug|Any CPU
		{BBCD3A78-2AB4-4D96-9A6C-FD503913375B}.Release|Any CPU.ActiveCfg = Release|Any CPU
		{BBCD3A78-2AB4-4D96-9A6C-FD503913375B}.Release|Any CPU.Build.0 = Release|Any CPU
		{DD4199FE-8CCF-432E-BE55-7F0CE08CF394}.Debug|Any CPU.ActiveCfg = Debug|Any CPU
		{DD4199FE-8CCF-432E-BE55-7F0CE08CF394}.Debug|Any CPU.Build.0 = Debug|Any CPU
		{DD4199FE-8CCF-432E-BE55-7F0CE08CF394}.Release|Any CPU.ActiveCfg = Release|Any CPU
		{DD4199FE-8CCF-432E-BE55-7F0CE08CF394}.Release|Any CPU.Build.0 = Release|Any CPU
		{BDE4A70D-BD2D-46E1-86DE-6F147FDAA315}.Debug|Any CPU.ActiveCfg = Debug|Any CPU
		{BDE4A70D-BD2D-46E1-86DE-6F147FDAA315}.Debug|Any CPU.Build.0 = Debug|Any CPU
		{BDE4A70D-BD2D-46E1-86DE-6F147FDAA315}.Release|Any CPU.ActiveCfg = Release|Any CPU
		{BDE4A70D-BD2D-46E1-86DE-6F147FDAA315}.Release|Any CPU.Build.0 = Release|Any CPU
	EndGlobalSection
	GlobalSection(SolutionProperties) = preSolution
		HideSolutionNode = FALSE
	EndGlobalSection
	GlobalSection(NestedProjects) = preSolution
		{0EC0AB83-1D30-4D4B-AC16-063D1B90CD9C} = {02EA681E-C7D8-13C7-8484-4AC65E1B71E8}
		{D408613A-15D1-4A76-95C5-D48183E5A4DF} = {02EA681E-C7D8-13C7-8484-4AC65E1B71E8}
		{EB402619-48BE-D7CA-5024-5D88BD817B40} = {D408613A-15D1-4A76-95C5-D48183E5A4DF}
		{BBCD3A78-2AB4-4D96-9A6C-FD503913375B} = {02EA681E-C7D8-13C7-8484-4AC65E1B71E8}
		{DD4199FE-8CCF-432E-BE55-7F0CE08CF394} = {02EA681E-C7D8-13C7-8484-4AC65E1B71E8}
		{BDE4A70D-BD2D-46E1-86DE-6F147FDAA315} = {02EA681E-C7D8-13C7-8484-4AC65E1B71E8}
	EndGlobalSection
	GlobalSection(ExtensibilityGlobals) = postSolution
		SolutionGuid = {ACF40AE3-10C9-4CD5-9221-F578777D5959}
	EndGlobalSection
EndGlobal
